
Microsoft Visual Studio Solution File, Format Version 12.00
# Visual Studio Version 17
VisualStudioVersion = 17.2.32602.215
MinimumVisualStudioVersion = 10.0.40219.1
Project("{9A19103F-16F7-4668-BE54-9A1E7A4F7556}") = "AnyThings", "AnyThings\AnyThings.csproj", "{D712F44C-B9A9-4176-B9E4-7DE007751772}"
EndProject
Project("{9A19103F-16F7-4668-BE54-9A1E7A4F7556}") = "AOC2020", "AOC2020\AOC2020.csproj", "{37B771D8-B95D-4893-9469-52C6772C4472}"
EndProject
Project("{9A19103F-16F7-4668-BE54-9A1E7A4F7556}") = "AOC2015", "AOC2015\AOC2015.csproj", "{082765AE-93AA-4217-977C-41B560654501}"
EndProject
Project("{9A19103F-16F7-4668-BE54-9A1E7A4F7556}") = "AOC2018", "AOC2018\AOC2018.csproj", "{E87AB67D-626A-492E-8F27-1050AD9D7627}"
EndProject
Project("{9A19103F-16F7-4668-BE54-9A1E7A4F7556}") = "AOC2021", "AOC2021\AOC2021.csproj", "{234B5DF2-1078-4652-B9EE-4EAB8CA4445E}"
EndProject
Project("{9A19103F-16F7-4668-BE54-9A1E7A4F7556}") = "AOC2022", "AOC2022\AOC2022.csproj", "{B5269DC0-408E-437D-95F0-7B2961FC7C19}"
	ProjectSection(ProjectDependencies) = postProject
		{D712F44C-B9A9-4176-B9E4-7DE007751772} = {D712F44C-B9A9-4176-B9E4-7DE007751772}
	EndProjectSection
EndProject
Project("{9A19103F-16F7-4668-BE54-9A1E7A4F7556}") = "AOC2023", "AOC2023\AOC2023.csproj", "{4732ACB2-0328-4855-93FF-2CF4FA034EC3}"
EndProject
Project("{FAE04EC0-301F-11D3-BF4B-00C04F79EFBC}") = "AOC2024", "AOC2024\AOC2024.csproj", "{B5CF3B4B-D020-416A-9EB1-5F5F9C6EEBF0}"
	ProjectSection(ProjectDependencies) = postProject
		{D712F44C-B9A9-4176-B9E4-7DE007751772} = {D712F44C-B9A9-4176-B9E4-7DE007751772}
	EndProjectSection
EndProject
Global
	GlobalSection(SolutionConfigurationPlatforms) = preSolution
		Debug|Any CPU = Debug|Any CPU
		Release|Any CPU = Release|Any CPU
	EndGlobalSection
	GlobalSection(ProjectConfigurationPlatforms) = postSolution
		{D712F44C-B9A9-4176-B9E4-7DE007751772}.Debug|Any CPU.ActiveCfg = Debug|Any CPU
		{D712F44C-B9A9-4176-B9E4-7DE007751772}.Debug|Any CPU.Build.0 = Debug|Any CPU
		{D712F44C-B9A9-4176-B9E4-7DE007751772}.Release|Any CPU.ActiveCfg = Release|Any CPU
		{D712F44C-B9A9-4176-B9E4-7DE007751772}.Release|Any CPU.Build.0 = Release|Any CPU
		{37B771D8-B95D-4893-9469-52C6772C4472}.Debug|Any CPU.ActiveCfg = Debug|Any CPU
		{37B771D8-B95D-4893-9469-52C6772C4472}.Debug|Any CPU.Build.0 = Debug|Any CPU
		{37B771D8-B95D-4893-9469-52C6772C4472}.Release|Any CPU.ActiveCfg = Release|Any CPU
		{37B771D8-B95D-4893-9469-52C6772C4472}.Release|Any CPU.Build.0 = Release|Any CPU
		{082765AE-93AA-4217-977C-41B560654501}.Debug|Any CPU.ActiveCfg = Debug|Any CPU
		{082765AE-93AA-4217-977C-41B560654501}.Debug|Any CPU.Build.0 = Debug|Any CPU
		{082765AE-93AA-4217-977C-41B560654501}.Release|Any CPU.ActiveCfg = Release|Any CPU
		{082765AE-93AA-4217-977C-41B560654501}.Release|Any CPU.Build.0 = Release|Any CPU
		{E87AB67D-626A-492E-8F27-1050AD9D7627}.Debug|Any CPU.ActiveCfg = Debug|Any CPU
		{E87AB67D-626A-492E-8F27-1050AD9D7627}.Debug|Any CPU.Build.0 = Debug|Any CPU
		{E87AB67D-626A-492E-8F27-1050AD9D7627}.Release|Any CPU.ActiveCfg = Release|Any CPU
		{E87AB67D-626A-492E-8F27-1050AD9D7627}.Release|Any CPU.Build.0 = Release|Any CPU
		{234B5DF2-1078-4652-B9EE-4EAB8CA4445E}.Debug|Any CPU.ActiveCfg = Debug|Any CPU
		{234B5DF2-1078-4652-B9EE-4EAB8CA4445E}.Debug|Any CPU.Build.0 = Debug|Any CPU
		{234B5DF2-1078-4652-B9EE-4EAB8CA4445E}.Release|Any CPU.ActiveCfg = Release|Any CPU
		{234B5DF2-1078-4652-B9EE-4EAB8CA4445E}.Release|Any CPU.Build.0 = Release|Any CPU
		{B5269DC0-408E-437D-95F0-7B2961FC7C19}.Debug|Any CPU.ActiveCfg = Debug|Any CPU
		{B5269DC0-408E-437D-95F0-7B2961FC7C19}.Debug|Any CPU.Build.0 = Debug|Any CPU
		{B5269DC0-408E-437D-95F0-7B2961FC7C19}.Release|Any CPU.ActiveCfg = Release|Any CPU
		{B5269DC0-408E-437D-95F0-7B2961FC7C19}.Release|Any CPU.Build.0 = Release|Any CPU
		{4732ACB2-0328-4855-93FF-2CF4FA034EC3}.Debug|Any CPU.ActiveCfg = Debug|Any CPU
		{4732ACB2-0328-4855-93FF-2CF4FA034EC3}.Debug|Any CPU.Build.0 = Debug|Any CPU
		{4732ACB2-0328-4855-93FF-2CF4FA034EC3}.Release|Any CPU.ActiveCfg = Release|Any CPU
		{4732ACB2-0328-4855-93FF-2CF4FA034EC3}.Release|Any CPU.Build.0 = Release|Any CPU
		{B5CF3B4B-D020-416A-9EB1-5F5F9C6EEBF0}.Debug|Any CPU.ActiveCfg = Debug|Any CPU
		{B5CF3B4B-D020-416A-9EB1-5F5F9C6EEBF0}.Debug|Any CPU.Build.0 = Debug|Any CPU
		{B5CF3B4B-D020-416A-9EB1-5F5F9C6EEBF0}.Release|Any CPU.ActiveCfg = Release|Any CPU
		{B5CF3B4B-D020-416A-9EB1-5F5F9C6EEBF0}.Release|Any CPU.Build.0 = Release|Any CPU
	EndGlobalSection
	GlobalSection(SolutionProperties) = preSolution
		HideSolutionNode = FALSE
	EndGlobalSection
	GlobalSection(ExtensibilityGlobals) = postSolution
		SolutionGuid = {2F62FD90-AEF2-44A2-ACA8-B658BEC4E15A}
	EndGlobalSection
EndGlobal
